
Microsoft Visual Studio Solution File, Format Version 12.00
# Visual Studio Version 16
VisualStudioVersion = 16.0.30717.126
MinimumVisualStudioVersion = 15.0.26124.0
Project("{9A19103F-16F7-4668-BE54-9A1E7A4F7556}") = "Cemiyet.Api", "src\Cemiyet.Api\Cemiyet.Api.csproj", "{3169D257-C420-48EF-A914-9677C0D04B59}"
EndProject
Project("{9A19103F-16F7-4668-BE54-9A1E7A4F7556}") = "Cemiyet.Application", "src\Cemiyet.Application\Cemiyet.Application.csproj", "{65044503-FAB8-46A7-87F4-32AD2D3DDCD2}"
EndProject
Project("{9A19103F-16F7-4668-BE54-9A1E7A4F7556}") = "Cemiyet.Core", "src\Cemiyet.Core\Cemiyet.Core.csproj", "{05F80C79-1901-4870-ABA4-A4883706E1E1}"
EndProject
Project("{9A19103F-16F7-4668-BE54-9A1E7A4F7556}") = "Cemiyet.Infrastructure", "src\Cemiyet.Infrastructure\Cemiyet.Infrastructure.csproj", "{4719FAEF-3649-4325-AD36-AB48CC470D6A}"
EndProject
Project("{9A19103F-16F7-4668-BE54-9A1E7A4F7556}") = "Cemiyet.Persistence", "src\Cemiyet.Persistence\Cemiyet.Persistence.csproj", "{61EB4F8D-CEC8-49D8-B773-0589BEE579E4}"
EndProject
Project("{9A19103F-16F7-4668-BE54-9A1E7A4F7556}") = "Cemiyet.Tests", "tests\Cemiyet.Tests\Cemiyet.Tests.csproj", "{74A820B8-D677-4766-A182-98D55CDF36DA}"
EndProject
Project("{2150E333-8FDC-42A3-9474-1A3956D46DE8}") = "src", "src", "{541B592C-A3FE-40C1-B2C4-A5962A9430CF}"
EndProject
Project("{2150E333-8FDC-42A3-9474-1A3956D46DE8}") = "tests", "tests", "{819C025D-A27D-4271-A92B-A3C6AE46C3B7}"
EndProject
Global
	GlobalSection(SolutionConfigurationPlatforms) = preSolution
		Debug|Any CPU = Debug|Any CPU
		Debug|x64 = Debug|x64
		Debug|x86 = Debug|x86
		Release|Any CPU = Release|Any CPU
		Release|x64 = Release|x64
		Release|x86 = Release|x86
	EndGlobalSection
	GlobalSection(ProjectConfigurationPlatforms) = postSolution
		{3169D257-C420-48EF-A914-9677C0D04B59}.Debug|Any CPU.ActiveCfg = Debug|Any CPU
		{3169D257-C420-48EF-A914-9677C0D04B59}.Debug|Any CPU.Build.0 = Debug|Any CPU
		{3169D257-C420-48EF-A914-9677C0D04B59}.Debug|x64.ActiveCfg = Debug|Any CPU
		{3169D257-C420-48EF-A914-9677C0D04B59}.Debug|x64.Build.0 = Debug|Any CPU
		{3169D257-C420-48EF-A914-9677C0D04B59}.Debug|x86.ActiveCfg = Debug|Any CPU
		{3169D257-C420-48EF-A914-9677C0D04B59}.Debug|x86.Build.0 = Debug|Any CPU
		{3169D257-C420-48EF-A914-9677C0D04B59}.Release|Any CPU.ActiveCfg = Release|Any CPU
		{3169D257-C420-48EF-A914-9677C0D04B59}.Release|Any CPU.Build.0 = Release|Any CPU
		{3169D257-C420-48EF-A914-9677C0D04B59}.Release|x64.ActiveCfg = Release|Any CPU
		{3169D257-C420-48EF-A914-9677C0D04B59}.Release|x64.Build.0 = Release|Any CPU
		{3169D257-C420-48EF-A914-9677C0D04B59}.Release|x86.ActiveCfg = Release|Any CPU
		{3169D257-C420-48EF-A914-9677C0D04B59}.Release|x86.Build.0 = Release|Any CPU
		{65044503-FAB8-46A7-87F4-32AD2D3DDCD2}.Debug|Any CPU.ActiveCfg = Debug|Any CPU
		{65044503-FAB8-46A7-87F4-32AD2D3DDCD2}.Debug|Any CPU.Build.0 = Debug|Any CPU
		{65044503-FAB8-46A7-87F4-32AD2D3DDCD2}.Debug|x64.ActiveCfg = Debug|Any CPU
		{65044503-FAB8-46A7-87F4-32AD2D3DDCD2}.Debug|x64.Build.0 = Debug|Any CPU
		{65044503-FAB8-46A7-87F4-32AD2D3DDCD2}.Debug|x86.ActiveCfg = Debug|Any CPU
		{65044503-FAB8-46A7-87F4-32AD2D3DDCD2}.Debug|x86.Build.0 = Debug|Any CPU
		{65044503-FAB8-46A7-87F4-32AD2D3DDCD2}.Release|Any CPU.ActiveCfg = Release|Any CPU
		{65044503-FAB8-46A7-87F4-32AD2D3DDCD2}.Release|Any CPU.Build.0 = Release|Any CPU
		{65044503-FAB8-46A7-87F4-32AD2D3DDCD2}.Release|x64.ActiveCfg = Release|Any CPU
		{65044503-FAB8-46A7-87F4-32AD2D3DDCD2}.Release|x64.Build.0 = Release|Any CPU
		{65044503-FAB8-46A7-87F4-32AD2D3DDCD2}.Release|x86.ActiveCfg = Release|Any CPU
		{65044503-FAB8-46A7-87F4-32AD2D3DDCD2}.Release|x86.Build.0 = Release|Any CPU
		{05F80C79-1901-4870-ABA4-A4883706E1E1}.Debug|Any CPU.ActiveCfg = Debug|Any CPU
		{05F80C79-1901-4870-ABA4-A4883706E1E1}.Debug|Any CPU.Build.0 = Debug|Any CPU
		{05F80C79-1901-4870-ABA4-A4883706E1E1}.Debug|x64.ActiveCfg = Debug|Any CPU
		{05F80C79-1901-4870-ABA4-A4883706E1E1}.Debug|x64.Build.0 = Debug|Any CPU
		{05F80C79-1901-4870-ABA4-A4883706E1E1}.Debug|x86.ActiveCfg = Debug|Any CPU
		{05F80C79-1901-4870-ABA4-A4883706E1E1}.Debug|x86.Build.0 = Debug|Any CPU
		{05F80C79-1901-4870-ABA4-A4883706E1E1}.Release|Any CPU.ActiveCfg = Release|Any CPU
		{05F80C79-1901-4870-ABA4-A4883706E1E1}.Release|Any CPU.Build.0 = Release|Any CPU
		{05F80C79-1901-4870-ABA4-A4883706E1E1}.Release|x64.ActiveCfg = Release|Any CPU
		{05F80C79-1901-4870-ABA4-A4883706E1E1}.Release|x64.Build.0 = Release|Any CPU
		{05F80C79-1901-4870-ABA4-A4883706E1E1}.Release|x86.ActiveCfg = Release|Any CPU
		{05F80C79-1901-4870-ABA4-A4883706E1E1}.Release|x86.Build.0 = Release|Any CPU
		{4719FAEF-3649-4325-AD36-AB48CC470D6A}.Debug|Any CPU.ActiveCfg = Debug|Any CPU
		{4719FAEF-3649-4325-AD36-AB48CC470D6A}.Debug|Any CPU.Build.0 = Debug|Any CPU
		{4719FAEF-3649-4325-AD36-AB48CC470D6A}.Debug|x64.ActiveCfg = Debug|Any CPU
		{4719FAEF-3649-4325-AD36-AB48CC470D6A}.Debug|x64.Build.0 = Debug|Any CPU
		{4719FAEF-3649-4325-AD36-AB48CC470D6A}.Debug|x86.ActiveCfg = Debug|Any CPU
		{4719FAEF-3649-4325-AD36-AB48CC470D6A}.Debug|x86.Build.0 = Debug|Any CPU
		{4719FAEF-3649-4325-AD36-AB48CC470D6A}.Release|Any CPU.ActiveCfg = Release|Any CPU
		{4719FAEF-3649-4325-AD36-AB48CC470D6A}.Release|Any CPU.Build.0 = Release|Any CPU
		{4719FAEF-3649-4325-AD36-AB48CC470D6A}.Release|x64.ActiveCfg = Release|Any CPU
		{4719FAEF-3649-4325-AD36-AB48CC470D6A}.Release|x64.Build.0 = Release|Any CPU
		{4719FAEF-3649-4325-AD36-AB48CC470D6A}.Release|x86.ActiveCfg = Release|Any CPU
		{4719FAEF-3649-4325-AD36-AB48CC470D6A}.Release|x86.Build.0 = Release|Any CPU
		{61EB4F8D-CEC8-49D8-B773-0589BEE579E4}.Debug|Any CPU.ActiveCfg = Debug|Any CPU
		{61EB4F8D-CEC8-49D8-B773-0589BEE579E4}.Debug|Any CPU.Build.0 = Debug|Any CPU
		{61EB4F8D-CEC8-49D8-B773-0589BEE579E4}.Debug|x64.ActiveCfg = Debug|Any CPU
		{61EB4F8D-CEC8-49D8-B773-0589BEE579E4}.Debug|x64.Build.0 = Debug|Any CPU
		{61EB4F8D-CEC8-49D8-B773-0589BEE579E4}.Debug|x86.ActiveCfg = Debug|Any CPU
		{61EB4F8D-CEC8-49D8-B773-0589BEE579E4}.Debug|x86.Build.0 = Debug|Any CPU
		{61EB4F8D-CEC8-49D8-B773-0589BEE579E4}.Release|Any CPU.ActiveCfg = Release|Any CPU
		{61EB4F8D-CEC8-49D8-B773-0589BEE579E4}.Release|Any CPU.Build.0 = Release|Any CPU
		{61EB4F8D-CEC8-49D8-B773-0589BEE579E4}.Release|x64.ActiveCfg = Release|Any CPU
		{61EB4F8D-CEC8-49D8-B773-0589BEE579E4}.Release|x64.Build.0 = Release|Any CPU
		{61EB4F8D-CEC8-49D8-B773-0589BEE579E4}.Release|x86.ActiveCfg = Release|Any CPU
		{61EB4F8D-CEC8-49D8-B773-0589BEE579E4}.Release|x86.Build.0 = Release|Any CPU
		{74A820B8-D677-4766-A182-98D55CDF36DA}.Debug|Any CPU.ActiveCfg = Debug|Any CPU
		{74A820B8-D677-4766-A182-98D55CDF36DA}.Debug|Any CPU.Build.0 = Debug|Any CPU
		{74A820B8-D677-4766-A182-98D55CDF36DA}.Debug|x64.ActiveCfg = Debug|Any CPU
		{74A820B8-D677-4766-A182-98D55CDF36DA}.Debug|x64.Build.0 = Debug|Any CPU
		{74A820B8-D677-4766-A182-98D55CDF36DA}.Debug|x86.ActiveCfg = Debug|Any CPU
		{74A820B8-D677-4766-A182-98D55CDF36DA}.Debug|x86.Build.0 = Debug|Any CPU
		{74A820B8-D677-4766-A182-98D55CDF36DA}.Release|Any CPU.ActiveCfg = Release|Any CPU
		{74A820B8-D677-4766-A182-98D55CDF36DA}.Release|Any CPU.Build.0 = Release|Any CPU
		{74A820B8-D677-4766-A182-98D55CDF36DA}.Release|x64.ActiveCfg = Release|Any CPU
		{74A820B8-D677-4766-A182-98D55CDF36DA}.Release|x64.Build.0 = Release|Any CPU
		{74A820B8-D677-4766-A182-98D55CDF36DA}.Release|x86.ActiveCfg = Release|Any CPU
		{74A820B8-D677-4766-A182-98D55CDF36DA}.Release|x86.Build.0 = Release|Any CPU
	EndGlobalSection
	GlobalSection(SolutionProperties) = preSolution
		HideSolutionNode = FALSE
	EndGlobalSection
	GlobalSection(NestedProjects) = preSolution
		{3169D257-C420-48EF-A914-9677C0D04B59} = {541B592C-A3FE-40C1-B2C4-A5962A9430CF}
		{65044503-FAB8-46A7-87F4-32AD2D3DDCD2} = {541B592C-A3FE-40C1-B2C4-A5962A9430CF}
		{05F80C79-1901-4870-ABA4-A4883706E1E1} = {541B592C-A3FE-40C1-B2C4-A5962A9430CF}
		{4719FAEF-3649-4325-AD36-AB48CC470D6A} = {541B592C-A3FE-40C1-B2C4-A5962A9430CF}
		{61EB4F8D-CEC8-49D8-B773-0589BEE579E4} = {541B592C-A3FE-40C1-B2C4-A5962A9430CF}
		{74A820B8-D677-4766-A182-98D55CDF36DA} = {819C025D-A27D-4271-A92B-A3C6AE46C3B7}
	EndGlobalSection
	GlobalSection(ExtensibilityGlobals) = postSolution
		SolutionGuid = {9DDDEE19-9EF6-442C-901C-73164BFD03A4}
	EndGlobalSection
EndGlobal
